
Microsoft Visual Studio Solution File, Format Version 12.00
# Visual Studio Version 17
VisualStudioVersion = 17.10.35027.167
MinimumVisualStudioVersion = 10.0.40219.1
Project("{FAE04EC0-301F-11D3-BF4B-00C04F79EFBC}") = "CityInfo.API.Monica", "CityInfo.API.Monica\CityInfo.API.Monica.csproj", "{31C8128A-2CA1-4629-8ED1-10736BDA35E5}"
EndProject
Global
	GlobalSection(SolutionConfigurationPlatforms) = preSolution
		Debug|Any CPU = Debug|Any CPU
		Release|Any CPU = Release|Any CPU
	EndGlobalSection
	GlobalSection(ProjectConfigurationPlatforms) = postSolution
		{31C8128A-2CA1-4629-8ED1-10736BDA35E5}.Debug|Any CPU.ActiveCfg = Debug|Any CPU
		{31C8128A-2CA1-4629-8ED1-10736BDA35E5}.Debug|Any CPU.Build.0 = Debug|Any CPU
		{31C8128A-2CA1-4629-8ED1-10736BDA35E5}.Release|Any CPU.ActiveCfg = Release|Any CPU
		{31C8128A-2CA1-4629-8ED1-10736BDA35E5}.Release|Any CPU.Build.0 = Release|Any CPU
	EndGlobalSection
	GlobalSection(SolutionProperties) = preSolution
		HideSolutionNode = FALSE
	EndGlobalSection
	GlobalSection(ExtensibilityGlobals) = postSolution
		SolutionGuid = {EE74FF9B-0C1E-4712-892D-A84C912C6E67}
	EndGlobalSection
EndGlobal
